
Microsoft Visual Studio Solution File, Format Version 12.00
# Visual Studio Version 17
VisualStudioVersion = 17.9.34622.214
MinimumVisualStudioVersion = 10.0.40219.1
Project("{FAE04EC0-301F-11D3-BF4B-00C04F79EFBC}") = "DotaMod", "f\DotaMod.csproj", "{8DB3EE54-88A2-41A3-94DC-E57BC936D016}"
EndProject
Global
	GlobalSection(SolutionConfigurationPlatforms) = preSolution
		Debug|Any CPU = Debug|Any CPU
		Release|Any CPU = Release|Any CPU
	EndGlobalSection
	GlobalSection(ProjectConfigurationPlatforms) = postSolution
		{8DB3EE54-88A2-41A3-94DC-E57BC936D016}.Debug|Any CPU.ActiveCfg = Debug|Any CPU
		{8DB3EE54-88A2-41A3-94DC-E57BC936D016}.Debug|Any CPU.Build.0 = Debug|Any CPU
		{8DB3EE54-88A2-41A3-94DC-E57BC936D016}.Release|Any CPU.ActiveCfg = Release|Any CPU
		{8DB3EE54-88A2-41A3-94DC-E57BC936D016}.Release|Any CPU.Build.0 = Release|Any CPU
	EndGlobalSection
	GlobalSection(SolutionProperties) = preSolution
		HideSolutionNode = FALSE
	EndGlobalSection
	GlobalSection(ExtensibilityGlobals) = postSolution
		SolutionGuid = {BB7E4005-FBCB-4EFF-B47F-04A8604BE4A7}
	EndGlobalSection
EndGlobal
